
Microsoft Visual Studio Solution File, Format Version 12.00
# Visual Studio Version 17
VisualStudioVersion = 17.5.33530.505
MinimumVisualStudioVersion = 10.0.40219.1
Project("{FAE04EC0-301F-11D3-BF4B-00C04F79EFBC}") = "Lam_Viec_Voi_Bien", "Lam_Viec_Voi_Bien\Lam_Viec_Voi_Bien.csproj", "{839BD9B3-1A4E-4F69-9528-1ADD05A720E7}"
EndProject
Global
	GlobalSection(SolutionConfigurationPlatforms) = preSolution
		Debug|Any CPU = Debug|Any CPU
		Release|Any CPU = Release|Any CPU
	EndGlobalSection
	GlobalSection(ProjectConfigurationPlatforms) = postSolution
		{839BD9B3-1A4E-4F69-9528-1ADD05A720E7}.Debug|Any CPU.ActiveCfg = Debug|Any CPU
		{839BD9B3-1A4E-4F69-9528-1ADD05A720E7}.Debug|Any CPU.Build.0 = Debug|Any CPU
		{839BD9B3-1A4E-4F69-9528-1ADD05A720E7}.Release|Any CPU.ActiveCfg = Release|Any CPU
		{839BD9B3-1A4E-4F69-9528-1ADD05A720E7}.Release|Any CPU.Build.0 = Release|Any CPU
	EndGlobalSection
	GlobalSection(SolutionProperties) = preSolution
		HideSolutionNode = FALSE
	EndGlobalSection
	GlobalSection(ExtensibilityGlobals) = postSolution
		SolutionGuid = {19B17430-75D9-4C52-9DDB-AC0DFAC07895}
	EndGlobalSection
EndGlobal
